<Solution>
  <Project Path="OpenNist.Core/OpenNist.Core.csproj" />
  <Project Path="OpenNist.Jp2000/OpenNist.Jp2000.csproj" />
  <Project Path="OpenNist.Nfiq/OpenNist.Nfiq.csproj" />
  <Project Path="OpenNist.Nist/OpenNist.Nist.csproj" />
  <Project Path="OpenNist.Tests/OpenNist.Tests.csproj" />
  <Project Path="OpenNist.Wsq/OpenNist.Wsq.csproj" />
</Solution>
