{
  "version": 2,
  "dependencies": {
    "net10.0": {
      "JetBrains.Annotations": {
        "type": "Direct",
        "requested": "[2025.2.4, )",
        "resolved": "2025.2.4",
        "contentHash": "TwbgxAkXxY+vNEhNVx/QXjJ4vqxmepOjsgRvvImQPbHkHMMb4W+ahL3laMsxXKtNT7iMy+E1B3xkqao2hf1n3A=="
      },
      "SonarAnalyzer.CSharp": {
        "type": "Direct",
        "requested": "[10.22.0.136894, )",
        "resolved": "10.22.0.136894",
        "contentHash": "6fI0XUWHvFIa/cvo1HuopV1Gh1hnKJq+XlTMJ2q71+6D3uVkl6Vxza3fFKQ9C4Bc7KFUFtukzRPmiH1be0JxOA=="
      },
      "TUnit": {
        "type": "Direct",
        "requested": "[1.22.6, )",
        "resolved": "1.22.6",
        "contentHash": "Sf9IW23gVQyE2/x8uscCAAN8mCNAlBfOetabpQhxEGbp/twkQDtDrRJzZJt99T1MCy894Q2u/457oHYylvLM3w==",
        "dependencies": {
          "Microsoft.Testing.Extensions.CodeCoverage": "18.5.2",
          "Microsoft.Testing.Extensions.Telemetry": "2.1.0",
          "Microsoft.Testing.Extensions.TrxReport": "2.1.0",
          "TUnit.Assertions": "1.22.6",
          "TUnit.Engine": "1.22.6"
        }
      },
      "EnumerableAsyncProcessor": {
        "type": "Transitive",
        "resolved": "3.8.4",
        "contentHash": "KlbpupRCz3Kf+P7gsiDvFXJ980i/9lfihMZFmmxIk0Gf6mopEjy74OTJZmdaKDQpE29eQDBnMZB5khyW3eugrg=="
      },
      "Microsoft.ApplicationInsights": {
        "type": "Transitive",
        "resolved": "2.23.0",
        "contentHash": "nWArUZTdU7iqZLycLKWe0TDms48KKGE6pONH2terYNa8REXiqixrMOkf1sk5DHGMaUTqONU2YkS4SAXBhLStgw=="
      },
      "Microsoft.DiaSymReader": {
        "type": "Transitive",
        "resolved": "2.2.3",
        "contentHash": "bhwzJfzyiJM0nXJyNB7Y9OfsEXyxLdDBHG99soIp5JjnPydwkOaBdRCtRtWgQh3noSLi2cSIZ/wpbHNNE9knxQ=="
      },
      "Microsoft.Extensions.DependencyModel": {
        "type": "Transitive",
        "resolved": "8.0.2",
        "contentHash": "mUBDZZRgZrSyFOsJ2qJJ9fXfqd/kXJwf3AiDoqLD9m6TjY5OO/vLNOb9fb4juC0487eq4hcGN/M2Rh/CKS7QYw=="
      },
      "Microsoft.Testing.Extensions.CodeCoverage": {
        "type": "Transitive",
        "resolved": "18.5.2",
        "contentHash": "UNcGLx9pVtlXF8MPDR8KDp+/OKKNIJjpzwRyZSt609TSGvaD8mtuQMb5GKZvhMucPp0a5Juvn3kxXDceQZWmAg==",
        "dependencies": {
          "Microsoft.DiaSymReader": "2.2.3",
          "Microsoft.Extensions.DependencyModel": "8.0.2",
          "Microsoft.Testing.Platform": "2.1.0"
        }
      },
      "Microsoft.Testing.Extensions.Telemetry": {
        "type": "Transitive",
        "resolved": "2.1.0",
        "contentHash": "5TwgTx2u7k9Al/xbZ18QXq4Hdy2xewkVTI6K3sk+jY2ykqUkIKNuj7rFu3GOV5KnEUkevhw6eZcyZs77STHJIA==",
        "dependencies": {
          "Microsoft.ApplicationInsights": "2.23.0",
          "Microsoft.Testing.Platform": "2.1.0"
        }
      },
      "Microsoft.Testing.Extensions.TrxReport": {
        "type": "Transitive",
        "resolved": "2.1.0",
        "contentHash": "cXmP225WcMLLOSrW8xekaNhfzdBwXX3cbXbE5qSzmLbK0KZe3z8rAObKj70FWiPPPzm2W22x0ZW93gsmAfK6Mg==",
        "dependencies": {
          "Microsoft.Testing.Extensions.TrxReport.Abstractions": "2.1.0",
          "Microsoft.Testing.Platform": "2.1.0"
        }
      },
      "Microsoft.Testing.Extensions.TrxReport.Abstractions": {
        "type": "Transitive",
        "resolved": "2.1.0",
        "contentHash": "D8xmIJYQFJ6D49Rx5/vPrkZZxb338Jkew+eSqZLBfBiWKw4QZKy3i1BOXiLfz0lOmaNErwDz/YWRojCdNl+B9Q==",
        "dependencies": {
          "Microsoft.Testing.Platform": "2.1.0"
        }
      },
      "Microsoft.Testing.Platform": {
        "type": "Transitive",
        "resolved": "2.1.0",
        "contentHash": "aHkjNTGIA+Zbdw6RJgSFrbDrCjO0CgqpElqYcvkRSeUhBv2bKarnvU3ep786U7UqrPlArT/B7VmImRibJD0Zrg=="
      },
      "Microsoft.Testing.Platform.MSBuild": {
        "type": "Transitive",
        "resolved": "2.1.0",
        "contentHash": "UpfPebXQtHGrWz21+YLHmJSm+5zsuPE9U9pfdCtoB+67g75fDmWlNgpkH2ZmdVhSwkjNIed9Icg8Iu63z2ei5Q==",
        "dependencies": {
          "Microsoft.Testing.Platform": "2.1.0"
        }
      },
      "TUnit.Assertions": {
        "type": "Transitive",
        "resolved": "1.22.6",
        "contentHash": "QEI1pEwuArdmitXB+ch3DOALymlU+uUirp70ZXO91XKYbMxKejaTvNGw8TyCrkxuTV1gK6aTjZbWQcQ0ayeZsg=="
      },
      "TUnit.Core": {
        "type": "Transitive",
        "resolved": "1.22.6",
        "contentHash": "mqhWVrQfde62/XcQmaDZgnVZ8B2zaZaI+E9qlem3O4bFX2BaUpyEpsNFAyQBXyGcpZgoUp30jbxyUgemIWZ+oA=="
      },
      "TUnit.Engine": {
        "type": "Transitive",
        "resolved": "1.22.6",
        "contentHash": "7JuNj4/U4rSDoGAGDhvnFjkPkmg9L5WLEQFHoGMdFrJr8+3QfPq+1dBWVGhSJIBj3ghraq149NA2v8vICjiqYA==",
        "dependencies": {
          "EnumerableAsyncProcessor": "3.8.4",
          "Microsoft.Testing.Extensions.TrxReport.Abstractions": "2.1.0",
          "Microsoft.Testing.Platform": "2.1.0",
          "Microsoft.Testing.Platform.MSBuild": "2.1.0",
          "TUnit.Core": "1.22.6"
        }
      },
      "opennist.nfiq": {
        "type": "Project",
        "dependencies": {
          "JetBrains.Annotations": "[2025.2.4, )",
          "OpenNist.Primitives": "[1.0.0, )"
        }
      },
      "opennist.nist": {
        "type": "Project",
        "dependencies": {
          "JetBrains.Annotations": "[2025.2.4, )",
          "OpenNist.Primitives": "[1.0.0, )"
        }
      },
      "opennist.primitives": {
        "type": "Project",
        "dependencies": {
          "JetBrains.Annotations": "[2025.2.4, )"
        }
      },
      "opennist.wsq": {
        "type": "Project",
        "dependencies": {
          "JetBrains.Annotations": "[2025.2.4, )",
          "OpenNist.Primitives": "[1.0.0, )"
        }
      }
    }
  }
}